{
  "name": "wats-access-client-cpp",
  "version": "0.0.1",
  "lockfileVersion": 2,
  "requires": true,
  "packages": {
    "": {
      "name": "wats-access-client-cpp",
      "version": "0.0.1",
      "dependencies": {
        "bendec": "0.48.0"
      }
    },
    "node_modules/bendec": {
      "version": "0.48.0",
      "resolved": "https://registry.npmjs.org/bendec/-/bendec-0.48.0.tgz",
      "integrity": "sha512-0baVCgaPcJzghTXy0R67Z+IYzjb2HPLHJta/wlapl6nlJTimapuaaFF4AN/eSSPVJKeGYu1Q5FlW52zQbgs6Tw==",
      "dependencies": {
        "dependency-graph": "^0.11.0",
        "lodash": "^4.17.21"
      }
    },
    "node_modules/dependency-graph": {
      "version": "0.11.0",
      "resolved": "https://registry.npmjs.org/dependency-graph/-/dependency-graph-0.11.0.tgz",
      "integrity": "sha512-JeMq7fEshyepOWDfcfHK06N3MhyPhz++vtqWhMT5O9A3K42rdsEDpfdVqjaqaAhsw6a+ZqeDvQVtD0hFHQWrzg==",
      "engines": {
        "node": ">= 0.6.0"
      }
    },
    "node_modules/lodash": {
      "version": "4.17.21",
      "resolved": "https://registry.npmjs.org/lodash/-/lodash-4.17.21.tgz",
      "integrity": "sha512-v2kDEe57lecTulaDIuNTPy3Ry4gLGJ6Z1O3vE1krgXZNrsQ+LFTGHVxVjcXPs17LhbZVGedAJv8XZ1tvj5FvSg=="
    }
  },
  "dependencies": {
    "bendec": {
      "version": "0.48.0",
      "resolved": "https://registry.npmjs.org/bendec/-/bendec-0.48.0.tgz",
      "integrity": "sha512-0baVCgaPcJzghTXy0R67Z+IYzjb2HPLHJta/wlapl6nlJTimapuaaFF4AN/eSSPVJKeGYu1Q5FlW52zQbgs6Tw==",
      "requires": {
        "dependency-graph": "^0.11.0",
        "lodash": "^4.17.21"
      }
    },
    "dependency-graph": {
      "version": "0.11.0",
      "resolved": "https://registry.npmjs.org/dependency-graph/-/dependency-graph-0.11.0.tgz",
      "integrity": "sha512-JeMq7fEshyepOWDfcfHK06N3MhyPhz++vtqWhMT5O9A3K42rdsEDpfdVqjaqaAhsw6a+ZqeDvQVtD0hFHQWrzg=="
    },
    "lodash": {
      "version": "4.17.21",
      "resolved": "https://registry.npmjs.org/lodash/-/lodash-4.17.21.tgz",
      "integrity": "sha512-v2kDEe57lecTulaDIuNTPy3Ry4gLGJ6Z1O3vE1krgXZNrsQ+LFTGHVxVjcXPs17LhbZVGedAJv8XZ1tvj5FvSg=="
    }
  }
}
