{
  "name": "wats-access-client-cpp",
  "version": "0.0.1",
  "lockfileVersion": 2,
  "requires": true,
  "packages": {
    "": {
      "name": "wats-access-client-cpp",
      "version": "0.0.1",
      "dependencies": {
        "bendec": "0.50.0"
      }
    },
    "node_modules/bendec": {
      "version": "0.50.0",
      "resolved": "https://registry.npmjs.org/bendec/-/bendec-0.50.0.tgz",
      "integrity": "sha512-VU8NSSzo0QNJVjSWh5zCgrevrAh9J+ThBcHg8DpIP0x7QmBcISlz8z3tNRV+/tQcef2ai8lxYxNyp0Z9WvkolQ==",
      "license": "MIT",
      "dependencies": {
        "dependency-graph": "^0.11.0",
        "lodash": "^4.17.21",
        "ts-dedent": "^2.2.0"
      }
    },
    "node_modules/dependency-graph": {
      "version": "0.11.0",
      "resolved": "https://registry.npmjs.org/dependency-graph/-/dependency-graph-0.11.0.tgz",
      "integrity": "sha512-JeMq7fEshyepOWDfcfHK06N3MhyPhz++vtqWhMT5O9A3K42rdsEDpfdVqjaqaAhsw6a+ZqeDvQVtD0hFHQWrzg==",
      "engines": {
        "node": ">= 0.6.0"
      }
    },
    "node_modules/lodash": {
      "version": "4.17.21",
      "resolved": "https://registry.npmjs.org/lodash/-/lodash-4.17.21.tgz",
      "integrity": "sha512-v2kDEe57lecTulaDIuNTPy3Ry4gLGJ6Z1O3vE1krgXZNrsQ+LFTGHVxVjcXPs17LhbZVGedAJv8XZ1tvj5FvSg=="
    },
    "node_modules/ts-dedent": {
      "version": "2.2.0",
      "resolved": "https://registry.npmjs.org/ts-dedent/-/ts-dedent-2.2.0.tgz",
      "integrity": "sha512-q5W7tVM71e2xjHZTlgfTDoPF/SmqKG5hddq9SzR49CH2hayqRKJtQ4mtRlSxKaJlR/+9rEM+mnBHf7I2/BQcpQ==",
      "engines": {
        "node": ">=6.10"
      }
    }
  },
  "dependencies": {
    "bendec": {
      "version": "0.50.0",
      "resolved": "https://registry.npmjs.org/bendec/-/bendec-0.50.0.tgz",
      "integrity": "sha512-VU8NSSzo0QNJVjSWh5zCgrevrAh9J+ThBcHg8DpIP0x7QmBcISlz8z3tNRV+/tQcef2ai8lxYxNyp0Z9WvkolQ==",
      "requires": {
        "dependency-graph": "^0.11.0",
        "lodash": "^4.17.21",
        "ts-dedent": "^2.2.0"
      }
    },
    "dependency-graph": {
      "version": "0.11.0",
      "resolved": "https://registry.npmjs.org/dependency-graph/-/dependency-graph-0.11.0.tgz",
      "integrity": "sha512-JeMq7fEshyepOWDfcfHK06N3MhyPhz++vtqWhMT5O9A3K42rdsEDpfdVqjaqaAhsw6a+ZqeDvQVtD0hFHQWrzg=="
    },
    "lodash": {
      "version": "4.17.21",
      "resolved": "https://registry.npmjs.org/lodash/-/lodash-4.17.21.tgz",
      "integrity": "sha512-v2kDEe57lecTulaDIuNTPy3Ry4gLGJ6Z1O3vE1krgXZNrsQ+LFTGHVxVjcXPs17LhbZVGedAJv8XZ1tvj5FvSg=="
    },
    "ts-dedent": {
      "version": "2.2.0",
      "resolved": "https://registry.npmjs.org/ts-dedent/-/ts-dedent-2.2.0.tgz",
      "integrity": "sha512-q5W7tVM71e2xjHZTlgfTDoPF/SmqKG5hddq9SzR49CH2hayqRKJtQ4mtRlSxKaJlR/+9rEM+mnBHf7I2/BQcpQ=="
    }
  }
}
